// !$*UTF8*$!
{
	archiveVersion = 1;
	classes = {
	};
	objectVersion = 56;
	objects = {

/* Begin PBXBuildFile section */
		BA44C1E82C7BC205003BE98F /* LNLatestAnimeTableViewCell.swift in Sources */ = {isa = PBXBuildFile; fileRef = BA44C1E72C7BC205003BE98F /* LNLatestAnimeTableViewCell.swift */; };
		BA44C1EB2C7BC3E0003BE98F /* Kingfisher in Frameworks */ = {isa = PBXBuildFile; productRef = BA44C1EA2C7BC3E0003BE98F /* Kingfisher */; };
		BA44C1F12C7C13A9003BE98F /* AnimeCollectionViewCell.swift in Sources */ = {isa = PBXBuildFile; fileRef = BA44C1F02C7C13A9003BE98F /* AnimeCollectionViewCell.swift */; };
		BA44C1F52C7C1F55003BE98F /* DemoCollectionViewCell.swift in Sources */ = {isa = PBXBuildFile; fileRef = BA44C1F42C7C1F55003BE98F /* DemoCollectionViewCell.swift */; };
		BA44C1F72C7C3237003BE98F /* ExplorePageViewController.swift in Sources */ = {isa = PBXBuildFile; fileRef = BA44C1F62C7C3237003BE98F /* ExplorePageViewController.swift */; };
		BA44C1F92C7C3931003BE98F /* LNUpcomingAnime.swift in Sources */ = {isa = PBXBuildFile; fileRef = BA44C1F82C7C3931003BE98F /* LNUpcomingAnime.swift */; };
		BA44C1FB2C7C4F04003BE98F /* AnimeDetailsViewController.swift in Sources */ = {isa = PBXBuildFile; fileRef = BA44C1FA2C7C4F04003BE98F /* AnimeDetailsViewController.swift */; };
		BA9D787E2C7A8E6C00D76956 /* AppDelegate.swift in Sources */ = {isa = PBXBuildFile; fileRef = BA9D787D2C7A8E6C00D76956 /* AppDelegate.swift */; };
		BA9D78802C7A8E6C00D76956 /* SceneDelegate.swift in Sources */ = {isa = PBXBuildFile; fileRef = BA9D787F2C7A8E6C00D76956 /* SceneDelegate.swift */; };
		BA9D78822C7A8E6C00D76956 /* HomeViewController.swift in Sources */ = {isa = PBXBuildFile; fileRef = BA9D78812C7A8E6C00D76956 /* HomeViewController.swift */; };
		BA9D78852C7A8E6C00D76956 /* Base in Resources */ = {isa = PBXBuildFile; fileRef = BA9D78842C7A8E6C00D76956 /* Base */; };
		BA9D78872C7A8E6E00D76956 /* Assets.xcassets in Resources */ = {isa = PBXBuildFile; fileRef = BA9D78862C7A8E6E00D76956 /* Assets.xcassets */; };
		BA9D788A2C7A8E6E00D76956 /* Base in Resources */ = {isa = PBXBuildFile; fileRef = BA9D78892C7A8E6E00D76956 /* Base */; };
		BA9D78982C7A94C000D76956 /* LNAnime.swift in Sources */ = {isa = PBXBuildFile; fileRef = BA9D78972C7A94C000D76956 /* LNAnime.swift */; };
		BA9D789A2C7A952D00D76956 /* LNRequest.swift in Sources */ = {isa = PBXBuildFile; fileRef = BA9D78992C7A952D00D76956 /* LNRequest.swift */; };
		BA9D789C2C7A957300D76956 /* LNEndpoint.swift in Sources */ = {isa = PBXBuildFile; fileRef = BA9D789B2C7A957300D76956 /* LNEndpoint.swift */; };
		BA9D789E2C7A9E3500D76956 /* LNService.swift in Sources */ = {isa = PBXBuildFile; fileRef = BA9D789D2C7A9E3500D76956 /* LNService.swift */; };
		BA9D78A22C7AA14C00D76956 /* LNGetAllLatestAnimeResponse.swift in Sources */ = {isa = PBXBuildFile; fileRef = BA9D78A12C7AA14C00D76956 /* LNGetAllLatestAnimeResponse.swift */; };
/* End PBXBuildFile section */

/* Begin PBXFileReference section */
		BA44C1E72C7BC205003BE98F /* LNLatestAnimeTableViewCell.swift */ = {isa = PBXFileReference; lastKnownFileType = sourcecode.swift; path = LNLatestAnimeTableViewCell.swift; sourceTree = "<group>"; };
		BA44C1F02C7C13A9003BE98F /* AnimeCollectionViewCell.swift */ = {isa = PBXFileReference; lastKnownFileType = sourcecode.swift; path = AnimeCollectionViewCell.swift; sourceTree = "<group>"; };
		BA44C1F42C7C1F55003BE98F /* DemoCollectionViewCell.swift */ = {isa = PBXFileReference; lastKnownFileType = sourcecode.swift; path = DemoCollectionViewCell.swift; sourceTree = "<group>"; };
		BA44C1F62C7C3237003BE98F /* ExplorePageViewController.swift */ = {isa = PBXFileReference; lastKnownFileType = sourcecode.swift; path = ExplorePageViewController.swift; sourceTree = "<group>"; };
		BA44C1F82C7C3931003BE98F /* LNUpcomingAnime.swift */ = {isa = PBXFileReference; lastKnownFileType = sourcecode.swift; path = LNUpcomingAnime.swift; sourceTree = "<group>"; };
		BA44C1FA2C7C4F04003BE98F /* AnimeDetailsViewController.swift */ = {isa = PBXFileReference; lastKnownFileType = sourcecode.swift; path = AnimeDetailsViewController.swift; sourceTree = "<group>"; };
		BA9D787A2C7A8E6C00D76956 /* AnimeList-Demo.app */ = {isa = PBXFileReference; explicitFileType = wrapper.application; includeInIndex = 0; path = "AnimeList-Demo.app"; sourceTree = BUILT_PRODUCTS_DIR; };
		BA9D787D2C7A8E6C00D76956 /* AppDelegate.swift */ = {isa = PBXFileReference; lastKnownFileType = sourcecode.swift; path = AppDelegate.swift; sourceTree = "<group>"; };
		BA9D787F2C7A8E6C00D76956 /* SceneDelegate.swift */ = {isa = PBXFileReference; lastKnownFileType = sourcecode.swift; path = SceneDelegate.swift; sourceTree = "<group>"; };
		BA9D78812C7A8E6C00D76956 /* HomeViewController.swift */ = {isa = PBXFileReference; lastKnownFileType = sourcecode.swift; path = HomeViewController.swift; sourceTree = "<group>"; };
		BA9D78842C7A8E6C00D76956 /* Base */ = {isa = PBXFileReference; lastKnownFileType = file.storyboard; name = Base; path = Base.lproj/Main.storyboard; sourceTree = "<group>"; };
		BA9D78862C7A8E6E00D76956 /* Assets.xcassets */ = {isa = PBXFileReference; lastKnownFileType = folder.assetcatalog; path = Assets.xcassets; sourceTree = "<group>"; };
		BA9D78892C7A8E6E00D76956 /* Base */ = {isa = PBXFileReference; lastKnownFileType = file.storyboard; name = Base; path = Base.lproj/LaunchScreen.storyboard; sourceTree = "<group>"; };
		BA9D788B2C7A8E6E00D76956 /* Info.plist */ = {isa = PBXFileReference; lastKnownFileType = text.plist.xml; path = Info.plist; sourceTree = "<group>"; };
		BA9D78972C7A94C000D76956 /* LNAnime.swift */ = {isa = PBXFileReference; lastKnownFileType = sourcecode.swift; path = LNAnime.swift; sourceTree = "<group>"; };
		BA9D78992C7A952D00D76956 /* LNRequest.swift */ = {isa = PBXFileReference; lastKnownFileType = sourcecode.swift; path = LNRequest.swift; sourceTree = "<group>"; };
		BA9D789B2C7A957300D76956 /* LNEndpoint.swift */ = {isa = PBXFileReference; lastKnownFileType = sourcecode.swift; path = LNEndpoint.swift; sourceTree = "<group>"; };
		BA9D789D2C7A9E3500D76956 /* LNService.swift */ = {isa = PBXFileReference; lastKnownFileType = sourcecode.swift; path = LNService.swift; sourceTree = "<group>"; };
		BA9D78A12C7AA14C00D76956 /* LNGetAllLatestAnimeResponse.swift */ = {isa = PBXFileReference; lastKnownFileType = sourcecode.swift; path = LNGetAllLatestAnimeResponse.swift; sourceTree = "<group>"; };
/* End PBXFileReference section */

/* Begin PBXFrameworksBuildPhase section */
		BA9D78772C7A8E6C00D76956 /* Frameworks */ = {
			isa = PBXFrameworksBuildPhase;
			buildActionMask = 2147483647;
			files = (
				BA44C1EB2C7BC3E0003BE98F /* Kingfisher in Frameworks */,
			);
			runOnlyForDeploymentPostprocessing = 0;
		};
/* End PBXFrameworksBuildPhase section */

/* Begin PBXGroup section */
		BA9D78712C7A8E6C00D76956 = {
			isa = PBXGroup;
			children = (
				BA9D787C2C7A8E6C00D76956 /* AnimeList-Demo */,
				BA9D787B2C7A8E6C00D76956 /* Products */,
			);
			sourceTree = "<group>";
		};
		BA9D787B2C7A8E6C00D76956 /* Products */ = {
			isa = PBXGroup;
			children = (
				BA9D787A2C7A8E6C00D76956 /* AnimeList-Demo.app */,
			);
			name = Products;
			sourceTree = "<group>";
		};
		BA9D787C2C7A8E6C00D76956 /* AnimeList-Demo */ = {
			isa = PBXGroup;
			children = (
				BA9D78932C7A8F7800D76956 /* Controllers */,
				BA9D78922C7A8F6F00D76956 /* APIClient */,
				BA9D78952C7A8F8A00D76956 /* Models */,
				BA9D78962C7A92EF00D76956 /* Resources */,
				BA9D78832C7A8E6C00D76956 /* Main.storyboard */,
				BA9D78882C7A8E6E00D76956 /* LaunchScreen.storyboard */,
				BA9D788B2C7A8E6E00D76956 /* Info.plist */,
				BA44C1E72C7BC205003BE98F /* LNLatestAnimeTableViewCell.swift */,
				BA44C1F02C7C13A9003BE98F /* AnimeCollectionViewCell.swift */,
				BA44C1F42C7C1F55003BE98F /* DemoCollectionViewCell.swift */,
			);
			path = "AnimeList-Demo";
			sourceTree = "<group>";
		};
		BA9D78922C7A8F6F00D76956 /* APIClient */ = {
			isa = PBXGroup;
			children = (
				BA9D789B2C7A957300D76956 /* LNEndpoint.swift */,
				BA9D78992C7A952D00D76956 /* LNRequest.swift */,
				BA9D789D2C7A9E3500D76956 /* LNService.swift */,
			);
			path = APIClient;
			sourceTree = "<group>";
		};
		BA9D78932C7A8F7800D76956 /* Controllers */ = {
			isa = PBXGroup;
			children = (
				BA9D78942C7A8F8000D76956 /* Core */,
			);
			path = Controllers;
			sourceTree = "<group>";
		};
		BA9D78942C7A8F8000D76956 /* Core */ = {
			isa = PBXGroup;
			children = (
				BA9D78812C7A8E6C00D76956 /* HomeViewController.swift */,
				BA44C1F62C7C3237003BE98F /* ExplorePageViewController.swift */,
				BA44C1FA2C7C4F04003BE98F /* AnimeDetailsViewController.swift */,
			);
			path = Core;
			sourceTree = "<group>";
		};
		BA9D78952C7A8F8A00D76956 /* Models */ = {
			isa = PBXGroup;
			children = (
				BA9D78A02C7AA0FB00D76956 /* APIResponseTypes */,
				BA9D789F2C7AA0F500D76956 /* DataTypes */,
			);
			path = Models;
			sourceTree = "<group>";
		};
		BA9D78962C7A92EF00D76956 /* Resources */ = {
			isa = PBXGroup;
			children = (
				BA9D78862C7A8E6E00D76956 /* Assets.xcassets */,
				BA9D787D2C7A8E6C00D76956 /* AppDelegate.swift */,
				BA9D787F2C7A8E6C00D76956 /* SceneDelegate.swift */,
			);
			path = Resources;
			sourceTree = "<group>";
		};
		BA9D789F2C7AA0F500D76956 /* DataTypes */ = {
			isa = PBXGroup;
			children = (
				BA9D78972C7A94C000D76956 /* LNAnime.swift */,
				BA44C1F82C7C3931003BE98F /* LNUpcomingAnime.swift */,
			);
			path = DataTypes;
			sourceTree = "<group>";
		};
		BA9D78A02C7AA0FB00D76956 /* APIResponseTypes */ = {
			isa = PBXGroup;
			children = (
				BA9D78A12C7AA14C00D76956 /* LNGetAllLatestAnimeResponse.swift */,
			);
			path = APIResponseTypes;
			sourceTree = "<group>";
		};
/* End PBXGroup section */

/* Begin PBXNativeTarget section */
		BA9D78792C7A8E6C00D76956 /* AnimeList-Demo */ = {
			isa = PBXNativeTarget;
			buildConfigurationList = BA9D788E2C7A8E6E00D76956 /* Build configuration list for PBXNativeTarget "AnimeList-Demo" */;
			buildPhases = (
				BA9D78762C7A8E6C00D76956 /* Sources */,
				BA9D78772C7A8E6C00D76956 /* Frameworks */,
				BA9D78782C7A8E6C00D76956 /* Resources */,
			);
			buildRules = (
			);
			dependencies = (
			);
			name = "AnimeList-Demo";
			packageProductDependencies = (
				BA44C1EA2C7BC3E0003BE98F /* Kingfisher */,
			);
			productName = "AnimeList-Demo";
			productReference = BA9D787A2C7A8E6C00D76956 /* AnimeList-Demo.app */;
			productType = "com.apple.product-type.application";
		};
/* End PBXNativeTarget section */

/* Begin PBXProject section */
		BA9D78722C7A8E6C00D76956 /* Project object */ = {
			isa = PBXProject;
			attributes = {
				BuildIndependentTargetsInParallel = 1;
				LastSwiftUpdateCheck = 1540;
				LastUpgradeCheck = 1540;
				TargetAttributes = {
					BA9D78792C7A8E6C00D76956 = {
						CreatedOnToolsVersion = 15.4;
					};
				};
			};
			buildConfigurationList = BA9D78752C7A8E6C00D76956 /* Build configuration list for PBXProject "AnimeList-Demo" */;
			compatibilityVersion = "Xcode 14.0";
			developmentRegion = en;
			hasScannedForEncodings = 0;
			knownRegions = (
				en,
				Base,
			);
			mainGroup = BA9D78712C7A8E6C00D76956;
			packageReferences = (
				BA44C1E92C7BC3E0003BE98F /* XCRemoteSwiftPackageReference "Kingfisher" */,
			);
			productRefGroup = BA9D787B2C7A8E6C00D76956 /* Products */;
			projectDirPath = "";
			projectRoot = "";
			targets = (
				BA9D78792C7A8E6C00D76956 /* AnimeList-Demo */,
			);
		};
/* End PBXProject section */

/* Begin PBXResourcesBuildPhase section */
		BA9D78782C7A8E6C00D76956 /* Resources */ = {
			isa = PBXResourcesBuildPhase;
			buildActionMask = 2147483647;
			files = (
				BA9D78872C7A8E6E00D76956 /* Assets.xcassets in Resources */,
				BA9D788A2C7A8E6E00D76956 /* Base in Resources */,
				BA9D78852C7A8E6C00D76956 /* Base in Resources */,
			);
			runOnlyForDeploymentPostprocessing = 0;
		};
/* End PBXResourcesBuildPhase section */

/* Begin PBXSourcesBuildPhase section */
		BA9D78762C7A8E6C00D76956 /* Sources */ = {
			isa = PBXSourcesBuildPhase;
			buildActionMask = 2147483647;
			files = (
				BA44C1F92C7C3931003BE98F /* LNUpcomingAnime.swift in Sources */,
				BA44C1F52C7C1F55003BE98F /* DemoCollectionViewCell.swift in Sources */,
				BA44C1FB2C7C4F04003BE98F /* AnimeDetailsViewController.swift in Sources */,
				BA44C1F72C7C3237003BE98F /* ExplorePageViewController.swift in Sources */,
				BA44C1F12C7C13A9003BE98F /* AnimeCollectionViewCell.swift in Sources */,
				BA9D789A2C7A952D00D76956 /* LNRequest.swift in Sources */,
				BA9D78982C7A94C000D76956 /* LNAnime.swift in Sources */,
				BA9D789C2C7A957300D76956 /* LNEndpoint.swift in Sources */,
				BA9D78822C7A8E6C00D76956 /* HomeViewController.swift in Sources */,
				BA9D789E2C7A9E3500D76956 /* LNService.swift in Sources */,
				BA44C1E82C7BC205003BE98F /* LNLatestAnimeTableViewCell.swift in Sources */,
				BA9D787E2C7A8E6C00D76956 /* AppDelegate.swift in Sources */,
				BA9D78802C7A8E6C00D76956 /* SceneDelegate.swift in Sources */,
				BA9D78A22C7AA14C00D76956 /* LNGetAllLatestAnimeResponse.swift in Sources */,
			);
			runOnlyForDeploymentPostprocessing = 0;
		};
/* End PBXSourcesBuildPhase section */

/* Begin PBXVariantGroup section */
		BA9D78832C7A8E6C00D76956 /* Main.storyboard */ = {
			isa = PBXVariantGroup;
			children = (
				BA9D78842C7A8E6C00D76956 /* Base */,
			);
			name = Main.storyboard;
			sourceTree = "<group>";
		};
		BA9D78882C7A8E6E00D76956 /* LaunchScreen.storyboard */ = {
			isa = PBXVariantGroup;
			children = (
				BA9D78892C7A8E6E00D76956 /* Base */,
			);
			name = LaunchScreen.storyboard;
			sourceTree = "<group>";
		};
/* End PBXVariantGroup section */

/* Begin XCBuildConfiguration section */
		BA9D788C2C7A8E6E00D76956 /* Debug */ = {
			isa = XCBuildConfiguration;
			buildSettings = {
				ALWAYS_SEARCH_USER_PATHS = NO;
				ASSETCATALOG_COMPILER_GENERATE_SWIFT_ASSET_SYMBOL_EXTENSIONS = YES;
				CLANG_ANALYZER_NONNULL = YES;
				CLANG_ANALYZER_NUMBER_OBJECT_CONVERSION = YES_AGGRESSIVE;
				CLANG_CXX_LANGUAGE_STANDARD = "gnu++20";
				CLANG_ENABLE_MODULES = YES;
				CLANG_ENABLE_OBJC_ARC = YES;
				CLANG_ENABLE_OBJC_WEAK = YES;
				CLANG_WARN_BLOCK_CAPTURE_AUTORELEASING = YES;
				CLANG_WARN_BOOL_CONVERSION = YES;
				CLANG_WARN_COMMA = YES;
				CLANG_WARN_CONSTANT_CONVERSION = YES;
				CLANG_WARN_DEPRECATED_OBJC_IMPLEMENTATIONS = YES;
				CLANG_WARN_DIRECT_OBJC_ISA_USAGE = YES_ERROR;
				CLANG_WARN_DOCUMENTATION_COMMENTS = YES;
				CLANG_WARN_EMPTY_BODY = YES;
				CLANG_WARN_ENUM_CONVERSION = YES;
				CLANG_WARN_INFINITE_RECURSION = YES;
				CLANG_WARN_INT_CONVERSION = YES;
				CLANG_WARN_NON_LITERAL_NULL_CONVERSION = YES;
				CLANG_WARN_OBJC_IMPLICIT_RETAIN_SELF = YES;
				CLANG_WARN_OBJC_LITERAL_CONVERSION = YES;
				CLANG_WARN_OBJC_ROOT_CLASS = YES_ERROR;
				CLANG_WARN_QUOTED_INCLUDE_IN_FRAMEWORK_HEADER = YES;
				CLANG_WARN_RANGE_LOOP_ANALYSIS = YES;
				CLANG_WARN_STRICT_PROTOTYPES = YES;
				CLANG_WARN_SUSPICIOUS_MOVE = YES;
				CLANG_WARN_UNGUARDED_AVAILABILITY = YES_AGGRESSIVE;
				CLANG_WARN_UNREACHABLE_CODE = YES;
				CLANG_WARN__DUPLICATE_METHOD_MATCH = YES;
				COPY_PHASE_STRIP = NO;
				DEBUG_INFORMATION_FORMAT = dwarf;
				ENABLE_STRICT_OBJC_MSGSEND = YES;
				ENABLE_TESTABILITY = YES;
				ENABLE_USER_SCRIPT_SANDBOXING = YES;
				GCC_C_LANGUAGE_STANDARD = gnu17;
				GCC_DYNAMIC_NO_PIC = NO;
				GCC_NO_COMMON_BLOCKS = YES;
				GCC_OPTIMIZATION_LEVEL = 0;
				GCC_PREPROCESSOR_DEFINITIONS = (
					"DEBUG=1",
					"$(inherited)",
				);
				GCC_WARN_64_TO_32_BIT_CONVERSION = YES;
				GCC_WARN_ABOUT_RETURN_TYPE = YES_ERROR;
				GCC_WARN_UNDECLARED_SELECTOR = YES;
				GCC_WARN_UNINITIALIZED_AUTOS = YES_AGGRESSIVE;
				GCC_WARN_UNUSED_FUNCTION = YES;
				GCC_WARN_UNUSED_VARIABLE = YES;
				IPHONEOS_DEPLOYMENT_TARGET = 17.5;
				LOCALIZATION_PREFERS_STRING_CATALOGS = YES;
				MTL_ENABLE_DEBUG_INFO = INCLUDE_SOURCE;
				MTL_FAST_MATH = YES;
				ONLY_ACTIVE_ARCH = YES;
				SDKROOT = iphoneos;
				SWIFT_ACTIVE_COMPILATION_CONDITIONS = "DEBUG $(inherited)";
				SWIFT_OPTIMIZATION_LEVEL = "-Onone";
			};
			name = Debug;
		};
		BA9D788D2C7A8E6E00D76956 /* Release */ = {
			isa = XCBuildConfiguration;
			buildSettings = {
				ALWAYS_SEARCH_USER_PATHS = NO;
				ASSETCATALOG_COMPILER_GENERATE_SWIFT_ASSET_SYMBOL_EXTENSIONS = YES;
				CLANG_ANALYZER_NONNULL = YES;
				CLANG_ANALYZER_NUMBER_OBJECT_CONVERSION = YES_AGGRESSIVE;
				CLANG_CXX_LANGUAGE_STANDARD = "gnu++20";
				CLANG_ENABLE_MODULES = YES;
				CLANG_ENABLE_OBJC_ARC = YES;
				CLANG_ENABLE_OBJC_WEAK = YES;
				CLANG_WARN_BLOCK_CAPTURE_AUTORELEASING = YES;
				CLANG_WARN_BOOL_CONVERSION = YES;
				CLANG_WARN_COMMA = YES;
				CLANG_WARN_CONSTANT_CONVERSION = YES;
				CLANG_WARN_DEPRECATED_OBJC_IMPLEMENTATIONS = YES;
				CLANG_WARN_DIRECT_OBJC_ISA_USAGE = YES_ERROR;
				CLANG_WARN_DOCUMENTATION_COMMENTS = YES;
				CLANG_WARN_EMPTY_BODY = YES;
				CLANG_WARN_ENUM_CONVERSION = YES;
				CLANG_WARN_INFINITE_RECURSION = YES;
				CLANG_WARN_INT_CONVERSION = YES;
				CLANG_WARN_NON_LITERAL_NULL_CONVERSION = YES;
				CLANG_WARN_OBJC_IMPLICIT_RETAIN_SELF = YES;
				CLANG_WARN_OBJC_LITERAL_CONVERSION = YES;
				CLANG_WARN_OBJC_ROOT_CLASS = YES_ERROR;
				CLANG_WARN_QUOTED_INCLUDE_IN_FRAMEWORK_HEADER = YES;
				CLANG_WARN_RANGE_LOOP_ANALYSIS = YES;
				CLANG_WARN_STRICT_PROTOTYPES = YES;
				CLANG_WARN_SUSPICIOUS_MOVE = YES;
				CLANG_WARN_UNGUARDED_AVAILABILITY = YES_AGGRESSIVE;
				CLANG_WARN_UNREACHABLE_CODE = YES;
				CLANG_WARN__DUPLICATE_METHOD_MATCH = YES;
				COPY_PHASE_STRIP = NO;
				DEBUG_INFORMATION_FORMAT = "dwarf-with-dsym";
				ENABLE_NS_ASSERTIONS = NO;
				ENABLE_STRICT_OBJC_MSGSEND = YES;
				ENABLE_USER_SCRIPT_SANDBOXING = YES;
				GCC_C_LANGUAGE_STANDARD = gnu17;
				GCC_NO_COMMON_BLOCKS = YES;
				GCC_WARN_64_TO_32_BIT_CONVERSION = YES;
				GCC_WARN_ABOUT_RETURN_TYPE = YES_ERROR;
				GCC_WARN_UNDECLARED_SELECTOR = YES;
				GCC_WARN_UNINITIALIZED_AUTOS = YES_AGGRESSIVE;
				GCC_WARN_UNUSED_FUNCTION = YES;
				GCC_WARN_UNUSED_VARIABLE = YES;
				IPHONEOS_DEPLOYMENT_TARGET = 17.5;
				LOCALIZATION_PREFERS_STRING_CATALOGS = YES;
				MTL_ENABLE_DEBUG_INFO = NO;
				MTL_FAST_MATH = YES;
				SDKROOT = iphoneos;
				SWIFT_COMPILATION_MODE = wholemodule;
				VALIDATE_PRODUCT = YES;
			};
			name = Release;
		};
		BA9D788F2C7A8E6E00D76956 /* Debug */ = {
			isa = XCBuildConfiguration;
			buildSettings = {
				ASSETCATALOG_COMPILER_APPICON_NAME = AppIcon;
				ASSETCATALOG_COMPILER_GLOBAL_ACCENT_COLOR_NAME = AccentColor;
				CODE_SIGN_STYLE = Automatic;
				CURRENT_PROJECT_VERSION = 1;
				DEVELOPMENT_TEAM = 3K2JN76WN3;
				GENERATE_INFOPLIST_FILE = YES;
				INFOPLIST_FILE = "AnimeList-Demo/Info.plist";
				INFOPLIST_KEY_UIApplicationSupportsIndirectInputEvents = YES;
				INFOPLIST_KEY_UILaunchStoryboardName = LaunchScreen;
				INFOPLIST_KEY_UIMainStoryboardFile = Main;
				INFOPLIST_KEY_UISupportedInterfaceOrientations_iPad = "UIInterfaceOrientationPortrait UIInterfaceOrientationPortraitUpsideDown UIInterfaceOrientationLandscapeLeft UIInterfaceOrientationLandscapeRight";
				INFOPLIST_KEY_UISupportedInterfaceOrientations_iPhone = "UIInterfaceOrientationPortrait UIInterfaceOrientationLandscapeLeft UIInterfaceOrientationLandscapeRight";
				LD_RUNPATH_SEARCH_PATHS = (
					"$(inherited)",
					"@executable_path/Frameworks",
				);
				MARKETING_VERSION = 1.0;
				PRODUCT_BUNDLE_IDENTIFIER = "lynnifier.AnimeList-Demo";
				PRODUCT_NAME = "$(TARGET_NAME)";
				SWIFT_EMIT_LOC_STRINGS = YES;
				SWIFT_VERSION = 5.0;
				TARGETED_DEVICE_FAMILY = "1,2";
			};
			name = Debug;
		};
		BA9D78902C7A8E6E00D76956 /* Release */ = {
			isa = XCBuildConfiguration;
			buildSettings = {
				ASSETCATALOG_COMPILER_APPICON_NAME = AppIcon;
				ASSETCATALOG_COMPILER_GLOBAL_ACCENT_COLOR_NAME = AccentColor;
				CODE_SIGN_STYLE = Automatic;
				CURRENT_PROJECT_VERSION = 1;
				DEVELOPMENT_TEAM = 3K2JN76WN3;
				GENERATE_INFOPLIST_FILE = YES;
				INFOPLIST_FILE = "AnimeList-Demo/Info.plist";
				INFOPLIST_KEY_UIApplicationSupportsIndirectInputEvents = YES;
				INFOPLIST_KEY_UILaunchStoryboardName = LaunchScreen;
				INFOPLIST_KEY_UIMainStoryboardFile = Main;
				INFOPLIST_KEY_UISupportedInterfaceOrientations_iPad = "UIInterfaceOrientationPortrait UIInterfaceOrientationPortraitUpsideDown UIInterfaceOrientationLandscapeLeft UIInterfaceOrientationLandscapeRight";
				INFOPLIST_KEY_UISupportedInterfaceOrientations_iPhone = "UIInterfaceOrientationPortrait UIInterfaceOrientationLandscapeLeft UIInterfaceOrientationLandscapeRight";
				LD_RUNPATH_SEARCH_PATHS = (
					"$(inherited)",
					"@executable_path/Frameworks",
				);
				MARKETING_VERSION = 1.0;
				PRODUCT_BUNDLE_IDENTIFIER = "lynnifier.AnimeList-Demo";
				PRODUCT_NAME = "$(TARGET_NAME)";
				SWIFT_EMIT_LOC_STRINGS = YES;
				SWIFT_VERSION = 5.0;
				TARGETED_DEVICE_FAMILY = "1,2";
			};
			name = Release;
		};
/* End XCBuildConfiguration section */

/* Begin XCConfigurationList section */
		BA9D78752C7A8E6C00D76956 /* Build configuration list for PBXProject "AnimeList-Demo" */ = {
			isa = XCConfigurationList;
			buildConfigurations = (
				BA9D788C2C7A8E6E00D76956 /* Debug */,
				BA9D788D2C7A8E6E00D76956 /* Release */,
			);
			defaultConfigurationIsVisible = 0;
			defaultConfigurationName = Release;
		};
		BA9D788E2C7A8E6E00D76956 /* Build configuration list for PBXNativeTarget "AnimeList-Demo" */ = {
			isa = XCConfigurationList;
			buildConfigurations = (
				BA9D788F2C7A8E6E00D76956 /* Debug */,
				BA9D78902C7A8E6E00D76956 /* Release */,
			);
			defaultConfigurationIsVisible = 0;
			defaultConfigurationName = Release;
		};
/* End XCConfigurationList section */

/* Begin XCRemoteSwiftPackageReference section */
		BA44C1E92C7BC3E0003BE98F /* XCRemoteSwiftPackageReference "Kingfisher" */ = {
			isa = XCRemoteSwiftPackageReference;
			repositoryURL = "https://github.com/onevcat/Kingfisher";
			requirement = {
				kind = upToNextMajorVersion;
				minimumVersion = 7.12.0;
			};
		};
/* End XCRemoteSwiftPackageReference section */

/* Begin XCSwiftPackageProductDependency section */
		BA44C1EA2C7BC3E0003BE98F /* Kingfisher */ = {
			isa = XCSwiftPackageProductDependency;
			package = BA44C1E92C7BC3E0003BE98F /* XCRemoteSwiftPackageReference "Kingfisher" */;
			productName = Kingfisher;
		};
/* End XCSwiftPackageProductDependency section */
	};
	rootObject = BA9D78722C7A8E6C00D76956 /* Project object */;
}
